
Microsoft Visual Studio Solution File, Format Version 12.00
# Visual Studio Version 17
VisualStudioVersion = 17.9.34607.119
MinimumVisualStudioVersion = 10.0.40219.1
Project("{FAE04EC0-301F-11D3-BF4B-00C04F79EFBC}") = "Part1_POE", "Part1_POE\Part1_POE.csproj", "{9F69B4A0-1D8C-4B20-AF4B-E493CA84A87A}"
EndProject
Global
	GlobalSection(SolutionConfigurationPlatforms) = preSolution
		Debug|Any CPU = Debug|Any CPU
		Release|Any CPU = Release|Any CPU
	EndGlobalSection
	GlobalSection(ProjectConfigurationPlatforms) = postSolution
		{9F69B4A0-1D8C-4B20-AF4B-E493CA84A87A}.Debug|Any CPU.ActiveCfg = Debug|Any CPU
		{9F69B4A0-1D8C-4B20-AF4B-E493CA84A87A}.Debug|Any CPU.Build.0 = Debug|Any CPU
		{9F69B4A0-1D8C-4B20-AF4B-E493CA84A87A}.Release|Any CPU.ActiveCfg = Release|Any CPU
		{9F69B4A0-1D8C-4B20-AF4B-E493CA84A87A}.Release|Any CPU.Build.0 = Release|Any CPU
	EndGlobalSection
	GlobalSection(SolutionProperties) = preSolution
		HideSolutionNode = FALSE
	EndGlobalSection
	GlobalSection(ExtensibilityGlobals) = postSolution
		SolutionGuid = {472D16E4-443D-45A1-ABBA-8A6F3041D0E5}
	EndGlobalSection
EndGlobal
